
Microsoft Visual Studio Solution File, Format Version 12.00
# Visual Studio Version 17
VisualStudioVersion = 17.14.36408.4 d17.14
MinimumVisualStudioVersion = 10.0.40219.1
Project("{FAE04EC0-301F-11D3-BF4B-00C04F79EFBC}") = "Actividad Practica 1", "Actividad Practica 1\Actividad Practica 1.csproj", "{6127BB10-E884-4277-B189-C3AB454A00E8}"
EndProject
Global
	GlobalSection(SolutionConfigurationPlatforms) = preSolution
		Debug|Any CPU = Debug|Any CPU
		Release|Any CPU = Release|Any CPU
	EndGlobalSection
	GlobalSection(ProjectConfigurationPlatforms) = postSolution
		{6127BB10-E884-4277-B189-C3AB454A00E8}.Debug|Any CPU.ActiveCfg = Debug|Any CPU
		{6127BB10-E884-4277-B189-C3AB454A00E8}.Debug|Any CPU.Build.0 = Debug|Any CPU
		{6127BB10-E884-4277-B189-C3AB454A00E8}.Release|Any CPU.ActiveCfg = Release|Any CPU
		{6127BB10-E884-4277-B189-C3AB454A00E8}.Release|Any CPU.Build.0 = Release|Any CPU
	EndGlobalSection
	GlobalSection(SolutionProperties) = preSolution
		HideSolutionNode = FALSE
	EndGlobalSection
	GlobalSection(ExtensibilityGlobals) = postSolution
		SolutionGuid = {F7795C97-CD00-4D11-BA43-3C9DAC296202}
	EndGlobalSection
EndGlobal
